
Microsoft Visual Studio Solution File, Format Version 12.00
# Visual Studio 2013
VisualStudioVersion = 12.0.31101.0
MinimumVisualStudioVersion = 10.0.40219.1
Project("{FAE04EC0-301F-11D3-BF4B-00C04F79EFBC}") = "Storage", "Storage\Storage.csproj", "{A34DC329-ACA5-4F24-9232-B014BFF6DB08}"
EndProject
Global
	GlobalSection(SolutionConfigurationPlatforms) = preSolution
		Debug|Any CPU = Debug|Any CPU
		Release|Any CPU = Release|Any CPU
	EndGlobalSection
	GlobalSection(ProjectConfigurationPlatforms) = postSolution
		{A34DC329-ACA5-4F24-9232-B014BFF6DB08}.Debug|Any CPU.ActiveCfg = Debug|Any CPU
		{A34DC329-ACA5-4F24-9232-B014BFF6DB08}.Debug|Any CPU.Build.0 = Debug|Any CPU
		{A34DC329-ACA5-4F24-9232-B014BFF6DB08}.Release|Any CPU.ActiveCfg = Release|Any CPU
		{A34DC329-ACA5-4F24-9232-B014BFF6DB08}.Release|Any CPU.Build.0 = Release|Any CPU
	EndGlobalSection
	GlobalSection(SolutionProperties) = preSolution
		HideSolutionNode = FALSE
	EndGlobalSection
EndGlobal
